
Microsoft Visual Studio Solution File, Format Version 12.00
# Visual Studio Version 16
VisualStudioVersion = 16.0.31424.327
MinimumVisualStudioVersion = 10.0.40219.1
Project("{FAE04EC0-301F-11D3-BF4B-00C04F79EFBC}") = "chatSocket", "chatSocket\chatSocket.csproj", "{3F344A8C-BE34-45B4-B7E3-E28A28E84B0D}"
EndProject
Global
	GlobalSection(SolutionConfigurationPlatforms) = preSolution
		Debug|Any CPU = Debug|Any CPU
		Release|Any CPU = Release|Any CPU
	EndGlobalSection
	GlobalSection(ProjectConfigurationPlatforms) = postSolution
		{3F344A8C-BE34-45B4-B7E3-E28A28E84B0D}.Debug|Any CPU.ActiveCfg = Debug|Any CPU
		{3F344A8C-BE34-45B4-B7E3-E28A28E84B0D}.Debug|Any CPU.Build.0 = Debug|Any CPU
		{3F344A8C-BE34-45B4-B7E3-E28A28E84B0D}.Release|Any CPU.ActiveCfg = Release|Any CPU
		{3F344A8C-BE34-45B4-B7E3-E28A28E84B0D}.Release|Any CPU.Build.0 = Release|Any CPU
	EndGlobalSection
	GlobalSection(SolutionProperties) = preSolution
		HideSolutionNode = FALSE
	EndGlobalSection
	GlobalSection(ExtensibilityGlobals) = postSolution
		SolutionGuid = {13A3F3C4-39A7-4F17-826D-011D1E650667}
	EndGlobalSection
EndGlobal
